
Microsoft Visual Studio Solution File, Format Version 12.00
# Visual Studio Version 16
VisualStudioVersion = 16.0.30128.74
MinimumVisualStudioVersion = 10.0.40219.1
Project("{FAE04EC0-301F-11D3-BF4B-00C04F79EFBC}") = "CalibrationNewGUI", "CalibrationNewGUI\CalibrationNewGUI.csproj", "{3F31A06F-76CF-48C8-A894-88FF904AE299}"
EndProject
Project("{FAE04EC0-301F-11D3-BF4B-00C04F79EFBC}") = "CalibrationNewGUITests", "CalibrationNewGUITests\CalibrationNewGUITests.csproj", "{B63B7991-EE72-4597-B8D3-4159BFB7AF71}"
EndProject
Global
	GlobalSection(SolutionConfigurationPlatforms) = preSolution
		Debug|Any CPU = Debug|Any CPU
		Release|Any CPU = Release|Any CPU
	EndGlobalSection
	GlobalSection(ProjectConfigurationPlatforms) = postSolution
		{3F31A06F-76CF-48C8-A894-88FF904AE299}.Debug|Any CPU.ActiveCfg = Debug|Any CPU
		{3F31A06F-76CF-48C8-A894-88FF904AE299}.Debug|Any CPU.Build.0 = Debug|Any CPU
		{3F31A06F-76CF-48C8-A894-88FF904AE299}.Release|Any CPU.ActiveCfg = Release|Any CPU
		{3F31A06F-76CF-48C8-A894-88FF904AE299}.Release|Any CPU.Build.0 = Release|Any CPU
		{B63B7991-EE72-4597-B8D3-4159BFB7AF71}.Debug|Any CPU.ActiveCfg = Debug|Any CPU
		{B63B7991-EE72-4597-B8D3-4159BFB7AF71}.Debug|Any CPU.Build.0 = Debug|Any CPU
		{B63B7991-EE72-4597-B8D3-4159BFB7AF71}.Release|Any CPU.ActiveCfg = Release|Any CPU
		{B63B7991-EE72-4597-B8D3-4159BFB7AF71}.Release|Any CPU.Build.0 = Release|Any CPU
	EndGlobalSection
	GlobalSection(SolutionProperties) = preSolution
		HideSolutionNode = FALSE
	EndGlobalSection
	GlobalSection(ExtensibilityGlobals) = postSolution
		SolutionGuid = {E7791CD0-DBB4-4435-9345-5F3C4EF93C31}
	EndGlobalSection
EndGlobal
